
Microsoft Visual Studio Solution File, Format Version 11.00
# Visual Studio 2010
Project("{FAE04EC0-301F-11D3-BF4B-00C04F79EFBC}") = "Calculation.DLL", "MathService\Calculation.DLL.csproj", "{DF29EFEE-8762-47B9-869A-F0EBD31BB4DE}"
EndProject
Project("{FAE04EC0-301F-11D3-BF4B-00C04F79EFBC}") = "ConsoleHost", "ConsoleHost\ConsoleHost.csproj", "{C09646FE-2101-44BA-8EEB-B481419DCD1A}"
EndProject
Project("{FAE04EC0-301F-11D3-BF4B-00C04F79EFBC}") = "ConsoleClient.UI", "ConsoleClient.UI\ConsoleClient.UI.csproj", "{92F5132E-9B0B-4031-B6B7-CDBD4FE4CCEB}"
EndProject
Project("{FAE04EC0-301F-11D3-BF4B-00C04F79EFBC}") = "IssServiceHost", "IssServiceHost\IssServiceHost.csproj", "{0C64BE4A-135F-4D05-96FA-90013A5C3795}"
EndProject
Global
	GlobalSection(SolutionConfigurationPlatforms) = preSolution
		Debug|Any CPU = Debug|Any CPU
		Debug|Mixed Platforms = Debug|Mixed Platforms
		Debug|x86 = Debug|x86
		Release|Any CPU = Release|Any CPU
		Release|Mixed Platforms = Release|Mixed Platforms
		Release|x86 = Release|x86
	EndGlobalSection
	GlobalSection(ProjectConfigurationPlatforms) = postSolution
		{DF29EFEE-8762-47B9-869A-F0EBD31BB4DE}.Debug|Any CPU.ActiveCfg = Debug|Any CPU
		{DF29EFEE-8762-47B9-869A-F0EBD31BB4DE}.Debug|Any CPU.Build.0 = Debug|Any CPU
		{DF29EFEE-8762-47B9-869A-F0EBD31BB4DE}.Debug|Mixed Platforms.ActiveCfg = Debug|Any CPU
		{DF29EFEE-8762-47B9-869A-F0EBD31BB4DE}.Debug|Mixed Platforms.Build.0 = Debug|Any CPU
		{DF29EFEE-8762-47B9-869A-F0EBD31BB4DE}.Debug|x86.ActiveCfg = Debug|Any CPU
		{DF29EFEE-8762-47B9-869A-F0EBD31BB4DE}.Release|Any CPU.ActiveCfg = Release|Any CPU
		{DF29EFEE-8762-47B9-869A-F0EBD31BB4DE}.Release|Any CPU.Build.0 = Release|Any CPU
		{DF29EFEE-8762-47B9-869A-F0EBD31BB4DE}.Release|Mixed Platforms.ActiveCfg = Release|Any CPU
		{DF29EFEE-8762-47B9-869A-F0EBD31BB4DE}.Release|Mixed Platforms.Build.0 = Release|Any CPU
		{DF29EFEE-8762-47B9-869A-F0EBD31BB4DE}.Release|x86.ActiveCfg = Release|Any CPU
		{C09646FE-2101-44BA-8EEB-B481419DCD1A}.Debug|Any CPU.ActiveCfg = Debug|x86
		{C09646FE-2101-44BA-8EEB-B481419DCD1A}.Debug|Mixed Platforms.ActiveCfg = Debug|x86
		{C09646FE-2101-44BA-8EEB-B481419DCD1A}.Debug|Mixed Platforms.Build.0 = Debug|x86
		{C09646FE-2101-44BA-8EEB-B481419DCD1A}.Debug|x86.ActiveCfg = Debug|x86
		{C09646FE-2101-44BA-8EEB-B481419DCD1A}.Debug|x86.Build.0 = Debug|x86
		{C09646FE-2101-44BA-8EEB-B481419DCD1A}.Release|Any CPU.ActiveCfg = Release|x86
		{C09646FE-2101-44BA-8EEB-B481419DCD1A}.Release|Mixed Platforms.ActiveCfg = Release|x86
		{C09646FE-2101-44BA-8EEB-B481419DCD1A}.Release|Mixed Platforms.Build.0 = Release|x86
		{C09646FE-2101-44BA-8EEB-B481419DCD1A}.Release|x86.ActiveCfg = Release|x86
		{C09646FE-2101-44BA-8EEB-B481419DCD1A}.Release|x86.Build.0 = Release|x86
		{92F5132E-9B0B-4031-B6B7-CDBD4FE4CCEB}.Debug|Any CPU.ActiveCfg = Debug|x86
		{92F5132E-9B0B-4031-B6B7-CDBD4FE4CCEB}.Debug|Mixed Platforms.ActiveCfg = Debug|x86
		{92F5132E-9B0B-4031-B6B7-CDBD4FE4CCEB}.Debug|Mixed Platforms.Build.0 = Debug|x86
		{92F5132E-9B0B-4031-B6B7-CDBD4FE4CCEB}.Debug|x86.ActiveCfg = Debug|x86
		{92F5132E-9B0B-4031-B6B7-CDBD4FE4CCEB}.Debug|x86.Build.0 = Debug|x86
		{92F5132E-9B0B-4031-B6B7-CDBD4FE4CCEB}.Release|Any CPU.ActiveCfg = Release|x86
		{92F5132E-9B0B-4031-B6B7-CDBD4FE4CCEB}.Release|Mixed Platforms.ActiveCfg = Release|x86
		{92F5132E-9B0B-4031-B6B7-CDBD4FE4CCEB}.Release|Mixed Platforms.Build.0 = Release|x86
		{92F5132E-9B0B-4031-B6B7-CDBD4FE4CCEB}.Release|x86.ActiveCfg = Release|x86
		{92F5132E-9B0B-4031-B6B7-CDBD4FE4CCEB}.Release|x86.Build.0 = Release|x86
		{0C64BE4A-135F-4D05-96FA-90013A5C3795}.Debug|Any CPU.ActiveCfg = Debug|Any CPU
		{0C64BE4A-135F-4D05-96FA-90013A5C3795}.Debug|Any CPU.Build.0 = Debug|Any CPU
		{0C64BE4A-135F-4D05-96FA-90013A5C3795}.Debug|Mixed Platforms.ActiveCfg = Debug|Any CPU
		{0C64BE4A-135F-4D05-96FA-90013A5C3795}.Debug|Mixed Platforms.Build.0 = Debug|Any CPU
		{0C64BE4A-135F-4D05-96FA-90013A5C3795}.Debug|x86.ActiveCfg = Debug|Any CPU
		{0C64BE4A-135F-4D05-96FA-90013A5C3795}.Release|Any CPU.ActiveCfg = Release|Any CPU
		{0C64BE4A-135F-4D05-96FA-90013A5C3795}.Release|Any CPU.Build.0 = Release|Any CPU
		{0C64BE4A-135F-4D05-96FA-90013A5C3795}.Release|Mixed Platforms.ActiveCfg = Release|Any CPU
		{0C64BE4A-135F-4D05-96FA-90013A5C3795}.Release|Mixed Platforms.Build.0 = Release|Any CPU
		{0C64BE4A-135F-4D05-96FA-90013A5C3795}.Release|x86.ActiveCfg = Release|Any CPU
	EndGlobalSection
	GlobalSection(SolutionProperties) = preSolution
		HideSolutionNode = FALSE
	EndGlobalSection
EndGlobal
