
Microsoft Visual Studio Solution File, Format Version 11.00
# Visual Studio 2010
Project("{FAE04EC0-301F-11D3-BF4B-00C04F79EFBC}") = "WebApiDemo", "WebApiDemo\WebApiDemo.csproj", "{DFCEB3F9-1F3B-4C09-AD01-4288FB9F3282}"
EndProject
Project("{FAE04EC0-301F-11D3-BF4B-00C04F79EFBC}") = "WebApiFromTemplate", "WebApiFromTemplate\WebApiFromTemplate.csproj", "{BCC16E69-4873-4FF6-9655-970C2A95654E}"
EndProject
Global
	GlobalSection(SolutionConfigurationPlatforms) = preSolution
		Debug|Any CPU = Debug|Any CPU
		Release|Any CPU = Release|Any CPU
	EndGlobalSection
	GlobalSection(ProjectConfigurationPlatforms) = postSolution
		{DFCEB3F9-1F3B-4C09-AD01-4288FB9F3282}.Debug|Any CPU.ActiveCfg = Debug|Any CPU
		{DFCEB3F9-1F3B-4C09-AD01-4288FB9F3282}.Debug|Any CPU.Build.0 = Debug|Any CPU
		{DFCEB3F9-1F3B-4C09-AD01-4288FB9F3282}.Release|Any CPU.ActiveCfg = Release|Any CPU
		{DFCEB3F9-1F3B-4C09-AD01-4288FB9F3282}.Release|Any CPU.Build.0 = Release|Any CPU
		{BCC16E69-4873-4FF6-9655-970C2A95654E}.Debug|Any CPU.ActiveCfg = Debug|Any CPU
		{BCC16E69-4873-4FF6-9655-970C2A95654E}.Debug|Any CPU.Build.0 = Debug|Any CPU
		{BCC16E69-4873-4FF6-9655-970C2A95654E}.Release|Any CPU.ActiveCfg = Release|Any CPU
		{BCC16E69-4873-4FF6-9655-970C2A95654E}.Release|Any CPU.Build.0 = Release|Any CPU
	EndGlobalSection
	GlobalSection(SolutionProperties) = preSolution
		HideSolutionNode = FALSE
	EndGlobalSection
EndGlobal
